{
  "version": "3",
  "packages": {
    "specifiers": {
      "jsr:@logtape/logtape@^0.9.0": "jsr:@logtape/logtape@0.9.0",
      "jsr:@std/fs@^1.0.14": "jsr:@std/fs@1.0.14",
      "jsr:@std/path@^1.0.8": "jsr:@std/path@1.0.8",
      "jsr:@std/semver@^1.0.4": "jsr:@std/semver@1.0.4",
      "npm:zod@^3.24.2": "npm:zod@3.24.2"
    },
    "jsr": {
      "@logtape/logtape@0.9.0": {
        "integrity": "aacdeb0e040e5723021bef8b9b8c03ad7cffb5e2146a0024c30814930f6e7c89"
      },
      "@std/fs@1.0.14": {
        "integrity": "1e84bf0b95fe08f41f1f4aea9717bbf29f45408a56ce073b0114474ce1c9fccf",
        "dependencies": [
          "jsr:@std/path@^1.0.8"
        ]
      },
      "@std/path@1.0.8": {
        "integrity": "548fa456bb6a04d3c1a1e7477986b6cffbce95102d0bb447c67c4ee70e0364be"
      },
      "@std/semver@1.0.4": {
        "integrity": "a62af791917d8fd6c48d6ebbb872f83fad3fc6671ffadbbd39ea229c2d34d175"
      }
    },
    "npm": {
      "zod@3.24.2": {
        "integrity": "sha512-lY7CDW43ECgW9u1TcT3IoXHflywfVqDYze4waEz812jR/bZ8FHDsl7pFQoSZTz5N+2NqRXs8GBwnAwo3ZNxqhQ==",
        "dependencies": {}
      }
    }
  },
  "remote": {},
  "workspace": {
    "dependencies": [
      "jsr:@logtape/logtape@^0.9.0",
      "jsr:@std/fs@^1.0.14",
      "jsr:@std/semver@^1.0.4",
      "npm:zod@^3.24.2"
    ]
  }
}
