{
  "version": "3",
  "packages": {
    "specifiers": {
      "jsr:@deno-library/progress@^1.5.1": "jsr:@deno-library/progress@1.5.1",
      "jsr:@logtape/logtape@^0.9.0": "jsr:@logtape/logtape@0.9.0",
      "jsr:@std/fmt@1.0.3": "jsr:@std/fmt@1.0.3",
      "jsr:@std/fs@^1.0.14": "jsr:@std/fs@1.0.14",
      "jsr:@std/io@0.225.0": "jsr:@std/io@0.225.0",
      "jsr:@std/path@^1.0.8": "jsr:@std/path@1.0.8",
      "jsr:@std/semver@^1.0.4": "jsr:@std/semver@1.0.4",
      "npm:@types/node": "npm:@types/node@18.16.19",
      "npm:zod@^3.24.2": "npm:zod@3.24.2"
    },
    "jsr": {
      "@deno-library/progress@1.5.1": {
        "integrity": "966611826b8bb27baae73ab1c4fa4317cd4edd2abb99750cd6f8488d22d5b121",
        "dependencies": [
          "jsr:@std/fmt@1.0.3",
          "jsr:@std/io@0.225.0"
        ]
      },
      "@logtape/logtape@0.9.0": {
        "integrity": "aacdeb0e040e5723021bef8b9b8c03ad7cffb5e2146a0024c30814930f6e7c89"
      },
      "@std/fmt@1.0.3": {
        "integrity": "97765c16aa32245ff4e2204ecf7d8562496a3cb8592340a80e7e554e0bb9149f"
      },
      "@std/fs@1.0.14": {
        "integrity": "1e84bf0b95fe08f41f1f4aea9717bbf29f45408a56ce073b0114474ce1c9fccf",
        "dependencies": [
          "jsr:@std/path@^1.0.8"
        ]
      },
      "@std/io@0.225.0": {
        "integrity": "c1db7c5e5a231629b32d64b9a53139445b2ca640d828c26bf23e1c55f8c079b3"
      },
      "@std/path@1.0.8": {
        "integrity": "548fa456bb6a04d3c1a1e7477986b6cffbce95102d0bb447c67c4ee70e0364be"
      },
      "@std/semver@1.0.4": {
        "integrity": "a62af791917d8fd6c48d6ebbb872f83fad3fc6671ffadbbd39ea229c2d34d175"
      }
    },
    "npm": {
      "@types/node@18.16.19": {
        "integrity": "sha512-IXl7o+R9iti9eBW4Wg2hx1xQDig183jj7YLn8F7udNceyfkbn1ZxmzZXuak20gR40D7pIkIY1kYGx5VIGbaHKA==",
        "dependencies": {}
      },
      "zod@3.24.2": {
        "integrity": "sha512-lY7CDW43ECgW9u1TcT3IoXHflywfVqDYze4waEz812jR/bZ8FHDsl7pFQoSZTz5N+2NqRXs8GBwnAwo3ZNxqhQ==",
        "dependencies": {}
      }
    }
  },
  "remote": {
    "https://deno.land/std@0.106.0/async/delay.ts": "db68b7c22518ea9805be110cdc914017d741894d2bececf4d78607fd2f0548e7"
  },
  "workspace": {
    "dependencies": [
      "jsr:@deno-library/progress@^1.5.1",
      "jsr:@logtape/logtape@^0.9.0",
      "jsr:@std/fs@^1.0.14",
      "jsr:@std/semver@^1.0.4",
      "npm:zod@^3.24.2"
    ]
  }
}
